{
    "name": "@cloud-technology/parser",
    "version": "0.0.4",
    "lockfileVersion": 2,
    "requires": true,
    "packages": {
        "": {
            "name": "@cloud-technology/parser",
            "version": "0.0.4",
            "license": "BSD-3-Clause",
            "bin": {
                "Parser": "Index.js"
            }
        }
    }
}
