{
    "name": "Parser",
    "version": "0.0.1",
    "lockfileVersion": 2,
    "requires": true,
    "packages": {
        "": {
            "name": "Parser",
            "version": "0.0.1",
            "license": "MIT",
            "bin": {
                "Parser": "Index.js"
            }
        }
    }
}
